
Microsoft Visual Studio Solution File, Format Version 12.00
# Visual Studio Version 16
VisualStudioVersion = 16.0.28606.126
MinimumVisualStudioVersion = 10.0.40219.1
Project("{9A19103F-16F7-4668-BE54-9A1E7A4F7556}") = "GdrEngineNet.Webapp", "GdrEngineNet.WebApp\GdrEngineNet.Webapp.csproj", "{9DBB6007-0444-4C10-8ACF-994CD1BFB9FE}"
EndProject
Project("{FAE04EC0-301F-11D3-BF4B-00C04F79EFBC}") = "GdrEngineNet.Database", "GdrEngineNet.Database\GdrEngineNet.Database.csproj", "{94410DEC-2224-4A64-B8D1-66A75CFC819C}"
EndProject
Global
	GlobalSection(SolutionConfigurationPlatforms) = preSolution
		Debug|Any CPU = Debug|Any CPU
		Release|Any CPU = Release|Any CPU
	EndGlobalSection
	GlobalSection(ProjectConfigurationPlatforms) = postSolution
		{9DBB6007-0444-4C10-8ACF-994CD1BFB9FE}.Debug|Any CPU.ActiveCfg = Debug|Any CPU
		{9DBB6007-0444-4C10-8ACF-994CD1BFB9FE}.Debug|Any CPU.Build.0 = Debug|Any CPU
		{9DBB6007-0444-4C10-8ACF-994CD1BFB9FE}.Release|Any CPU.ActiveCfg = Release|Any CPU
		{9DBB6007-0444-4C10-8ACF-994CD1BFB9FE}.Release|Any CPU.Build.0 = Release|Any CPU
		{94410DEC-2224-4A64-B8D1-66A75CFC819C}.Debug|Any CPU.ActiveCfg = Debug|Any CPU
		{94410DEC-2224-4A64-B8D1-66A75CFC819C}.Debug|Any CPU.Build.0 = Debug|Any CPU
		{94410DEC-2224-4A64-B8D1-66A75CFC819C}.Release|Any CPU.ActiveCfg = Release|Any CPU
		{94410DEC-2224-4A64-B8D1-66A75CFC819C}.Release|Any CPU.Build.0 = Release|Any CPU
	EndGlobalSection
	GlobalSection(SolutionProperties) = preSolution
		HideSolutionNode = FALSE
	EndGlobalSection
	GlobalSection(ExtensibilityGlobals) = postSolution
		SolutionGuid = {D66BACD5-0BBF-425B-9C36-69CD1D2CDD68}
	EndGlobalSection
EndGlobal
